{
  "name": "password-manager",
  "version": "1.0.0",
  "dependencies": {
    "align-text": {
      "version": "0.1.4",
      "from": "align-text@>=0.1.3 <0.2.0",
      "resolved": "https://registry.npmjs.org/align-text/-/align-text-0.1.4.tgz"
    },
    "camelcase": {
      "version": "1.2.1",
      "from": "camelcase@>=1.0.2 <2.0.0",
      "resolved": "https://registry.npmjs.org/camelcase/-/camelcase-1.2.1.tgz"
    },
    "center-align": {
      "version": "0.1.3",
      "from": "center-align@>=0.1.1 <0.2.0",
      "resolved": "https://registry.npmjs.org/center-align/-/center-align-0.1.3.tgz"
    },
    "cliui": {
      "version": "2.1.0",
      "from": "cliui@>=2.1.0 <3.0.0",
      "resolved": "https://registry.npmjs.org/cliui/-/cliui-2.1.0.tgz"
    },
    "crypto-js": {
      "version": "3.1.5",
      "from": "crypto-js@3.1.5",
      "resolved": "https://registry.npmjs.org/crypto-js/-/crypto-js-3.1.5.tgz"
    },
    "decamelize": {
      "version": "1.2.0",
      "from": "decamelize@>=1.0.0 <2.0.0",
      "resolved": "https://registry.npmjs.org/decamelize/-/decamelize-1.2.0.tgz"
    },
    "is-buffer": {
      "version": "1.1.3",
      "from": "is-buffer@>=1.0.2 <2.0.0",
      "resolved": "https://registry.npmjs.org/is-buffer/-/is-buffer-1.1.3.tgz"
    },
    "kind-of": {
      "version": "3.0.2",
      "from": "kind-of@>=3.0.2 <4.0.0",
      "resolved": "https://registry.npmjs.org/kind-of/-/kind-of-3.0.2.tgz"
    },
    "lazy-cache": {
      "version": "1.0.3",
      "from": "lazy-cache@>=1.0.3 <2.0.0",
      "resolved": "https://registry.npmjs.org/lazy-cache/-/lazy-cache-1.0.3.tgz"
    },
    "longest": {
      "version": "1.0.1",
      "from": "longest@>=1.0.1 <2.0.0",
      "resolved": "https://registry.npmjs.org/longest/-/longest-1.0.1.tgz"
    },
    "mkdirp": {
      "version": "0.3.5",
      "from": "mkdirp@>=0.3.5 <0.4.0",
      "resolved": "https://registry.npmjs.org/mkdirp/-/mkdirp-0.3.5.tgz"
    },
    "node-persist": {
      "version": "0.0.6",
      "from": "node-persist@0.0.6",
      "resolved": "https://registry.npmjs.org/node-persist/-/node-persist-0.0.6.tgz"
    },
    "q": {
      "version": "1.1.2",
      "from": "q@>=1.1.1 <1.2.0",
      "resolved": "https://registry.npmjs.org/q/-/q-1.1.2.tgz"
    },
    "repeat-string": {
      "version": "1.5.4",
      "from": "repeat-string@>=1.5.2 <2.0.0",
      "resolved": "https://registry.npmjs.org/repeat-string/-/repeat-string-1.5.4.tgz"
    },
    "right-align": {
      "version": "0.1.3",
      "from": "right-align@>=0.1.1 <0.2.0",
      "resolved": "https://registry.npmjs.org/right-align/-/right-align-0.1.3.tgz"
    },
    "window-size": {
      "version": "0.1.4",
      "from": "window-size@>=0.1.1 <0.2.0",
      "resolved": "https://registry.npmjs.org/window-size/-/window-size-0.1.4.tgz"
    },
    "wordwrap": {
      "version": "0.0.2",
      "from": "wordwrap@0.0.2",
      "resolved": "https://registry.npmjs.org/wordwrap/-/wordwrap-0.0.2.tgz"
    },
    "yargs": {
      "version": "3.15.0",
      "from": "yargs@3.15.0",
      "resolved": "https://registry.npmjs.org/yargs/-/yargs-3.15.0.tgz"
    }
  }
}
